
Microsoft Visual Studio Solution File, Format Version 12.00
# Visual Studio Version 17
VisualStudioVersion = 17.12.35323.107
MinimumVisualStudioVersion = 10.0.40219.1
Project("{FAE04EC0-301F-11D3-BF4B-00C04F79EFBC}") = "projenesne", "projenesne\projenesne.csproj", "{07D8C7A8-978D-4D77-A693-758F335EA1F6}"
EndProject
Global
	GlobalSection(SolutionConfigurationPlatforms) = preSolution
		Debug|Any CPU = Debug|Any CPU
		Release|Any CPU = Release|Any CPU
	EndGlobalSection
	GlobalSection(ProjectConfigurationPlatforms) = postSolution
		{07D8C7A8-978D-4D77-A693-758F335EA1F6}.Debug|Any CPU.ActiveCfg = Debug|Any CPU
		{07D8C7A8-978D-4D77-A693-758F335EA1F6}.Debug|Any CPU.Build.0 = Debug|Any CPU
		{07D8C7A8-978D-4D77-A693-758F335EA1F6}.Release|Any CPU.ActiveCfg = Release|Any CPU
		{07D8C7A8-978D-4D77-A693-758F335EA1F6}.Release|Any CPU.Build.0 = Release|Any CPU
	EndGlobalSection
	GlobalSection(SolutionProperties) = preSolution
		HideSolutionNode = FALSE
	EndGlobalSection
	GlobalSection(ExtensibilityGlobals) = postSolution
		SolutionGuid = {97CC40C5-6D26-4924-B587-24396BB9311E}
	EndGlobalSection
EndGlobal
